Microsoft Visual Studio Solution File, Format Version 12.00
Project("{FAE04EC0-301F-11D3-BF4B-00C04F79EFBC}") = "VisionLog", "VisionLog\VisionLog.csproj", "{3212D3AF-5B0E-4C4B-963C-9AF2E5760226}"
EndProject
Global
	GlobalSection(SolutionConfigurationPlatforms) = preSolution
		Debug|Any CPU = Debug|Any CPU
		Release|Any CPU = Release|Any CPU
	EndGlobalSection
	GlobalSection(ProjectConfigurationPlatforms) = postSolution
		{3212D3AF-5B0E-4C4B-963C-9AF2E5760226}.Debug|Any CPU.ActiveCfg = Debug|Any CPU
		{3212D3AF-5B0E-4C4B-963C-9AF2E5760226}.Debug|Any CPU.Build.0 = Debug|Any CPU
		{3212D3AF-5B0E-4C4B-963C-9AF2E5760226}.Release|Any CPU.ActiveCfg = Release|Any CPU
		{3212D3AF-5B0E-4C4B-963C-9AF2E5760226}.Release|Any CPU.Build.0 = Release|Any CPU
	EndGlobalSection
EndGlobal
